<?xml version="1.0" encoding="utf-8"?>
<Project ToolsVersion="4.0" xmlns="http://schemas.microsoft.com/developer/msbuild/2003">
  <ItemGroup>
    <Filter Include="Source Files">
      <UniqueIdentifier>{4FC737F1-C7A5-4376-A066-2A32D752A2FF}</UniqueIdentifier>
      <Extensions>cpp;c;cc;cxx;c++;cppm;ixx;def;odl;idl;hpj;bat;asm;asmx</Extensions>
    </Filter>
    <Filter Include="Header Files">
      <UniqueIdentifier>{93995380-89BD-4b04-88EB-625FBE52EBFB}</UniqueIdentifier>
      <Extensions>h;hh;hpp;hxx;h++;hm;inl;inc;ipp;xsd</Extensions>
    </Filter>
    <Filter Include="Resource Files">
      <UniqueIdentifier>{67DA6AB6-F800-4c08-8B7A-83BB121AAD01}</UniqueIdentifier>
      <Extensions>rc;ico;cur;bmp;dlg;rc2;rct;bin;rgs;gif;jpg;jpeg;jpe;resx;tiff;tif;png;wav;mfcribbon-ms</Extensions>
    </Filter>
    <Filter Include="Header Files\util">
      <UniqueIdentifier>{5c06ea3d-028c-4fcc-8880-4b07b08006cb}</UniqueIdentifier>
    </Filter>
    <Filter Include="Source Files\util">
      <UniqueIdentifier>{df42370a-39c0-42db-9e3f-2821a98be289}</UniqueIdentifier>
    </Filter>
    <Filter Include="Header Files\util\libimage">
      <UniqueIdentifier>{d5dacad9-8535-4ad1-b91f-69c58191d54b}</UniqueIdentifier>
    </Filter>
    <Filter Include="Source Files\util\libimage">
      <UniqueIdentifier>{e69f6654-a4e7-4c78-92e4-5d0ef6f9146b}</UniqueIdentifier>
    </Filter>
    <Filter Include="Source Files\util\libimage\stb_wrapper">
      <UniqueIdentifier>{f8eaace2-9d37-4b53-8d61-6be3049124c7}</UniqueIdentifier>
    </Filter>
    <Filter Include="Header Files\demos">
      <UniqueIdentifier>{9ee73853-cbec-4ccd-9f1d-ab3ed54397c0}</UniqueIdentifier>
    </Filter>
  </ItemGroup>
  <ItemGroup>
    <ClCompile Include="cpp\source_main.cpp">
      <Filter>Source Files</Filter>
    </ClCompile>
    <ClCompile Include="..\util\libimage\libimage.cpp">
      <Filter>Source Files\util\libimage</Filter>
    </ClCompile>
    <ClCompile Include="..\util\libimage\stb_wrapper\stb_libimage.cpp">
      <Filter>Source Files\util\libimage\stb_wrapper</Filter>
    </ClCompile>
  </ItemGroup>
  <ItemGroup>
    <ClInclude Include="..\util\win32_leak_check.h">
      <Filter>Header Files\util</Filter>
    </ClInclude>
    <ClInclude Include="..\util\libimage\libimage.hpp">
      <Filter>Header Files\util\libimage</Filter>
    </ClInclude>
    <ClInclude Include="..\util\libimage\gray.hpp">
      <Filter>Header Files\util\libimage</Filter>
    </ClInclude>
    <ClInclude Include="demos\post001.hpp">
      <Filter>Header Files\demos</Filter>
    </ClInclude>
    <ClInclude Include="demos\transparent_background.hpp">
      <Filter>Header Files\demos</Filter>
    </ClInclude>
    <ClInclude Include="demos\post002.hpp">
      <Filter>Header Files\demos</Filter>
    </ClInclude>
  </ItemGroup>
</Project>