<?xml version="1.0" encoding="utf-8"?>
<Project ToolsVersion="4.0" xmlns="http://schemas.microsoft.com/developer/msbuild/2003">
  <ItemGroup>
    <Filter Include="Source Files">
      <UniqueIdentifier>{4FC737F1-C7A5-4376-A066-2A32D752A2FF}</UniqueIdentifier>
      <Extensions>cpp;c;cc;cxx;c++;cppm;ixx;def;odl;idl;hpj;bat;asm;asmx</Extensions>
    </Filter>
    <Filter Include="Header Files">
      <UniqueIdentifier>{93995380-89BD-4b04-88EB-625FBE52EBFB}</UniqueIdentifier>
      <Extensions>h;hh;hpp;hxx;h++;hm;inl;inc;ipp;xsd</Extensions>
    </Filter>
    <Filter Include="Resource Files">
      <UniqueIdentifier>{67DA6AB6-F800-4c08-8B7A-83BB121AAD01}</UniqueIdentifier>
      <Extensions>rc;ico;cur;bmp;dlg;rc2;rct;bin;rgs;gif;jpg;jpeg;jpe;resx;tiff;tif;png;wav;mfcribbon-ms</Extensions>
    </Filter>
    <Filter Include="Header Files\util">
      <UniqueIdentifier>{5c06ea3d-028c-4fcc-8880-4b07b08006cb}</UniqueIdentifier>
    </Filter>
    <Filter Include="Source Files\util">
      <UniqueIdentifier>{df42370a-39c0-42db-9e3f-2821a98be289}</UniqueIdentifier>
    </Filter>
    <Filter Include="Source Files\util\libimage">
      <UniqueIdentifier>{e69f6654-a4e7-4c78-92e4-5d0ef6f9146b}</UniqueIdentifier>
    </Filter>
    <Filter Include="Source Files\util\libimage\stb_wrapper">
      <UniqueIdentifier>{f8eaace2-9d37-4b53-8d61-6be3049124c7}</UniqueIdentifier>
    </Filter>
    <Filter Include="Header Files\demos">
      <UniqueIdentifier>{9ee73853-cbec-4ccd-9f1d-ab3ed54397c0}</UniqueIdentifier>
    </Filter>
    <Filter Include="Source Files\demos">
      <UniqueIdentifier>{8f5779d7-b4d2-4cdd-a49d-5f69d36b8726}</UniqueIdentifier>
    </Filter>
    <Filter Include="Header Files\demos\post003">
      <UniqueIdentifier>{7f3ad24b-ff27-40da-903c-70fdb4255d05}</UniqueIdentifier>
    </Filter>
    <Filter Include="Source Files\demos\post003">
      <UniqueIdentifier>{231c489f-82b0-4b17-8057-3af3a9c7c45e}</UniqueIdentifier>
    </Filter>
    <Filter Include="Header Files\demos\post004">
      <UniqueIdentifier>{9b8c00ea-3f15-4b8f-a058-11601da9f9f5}</UniqueIdentifier>
    </Filter>
    <Filter Include="Header Files\demos\post005">
      <UniqueIdentifier>{449ce903-cc40-4cb4-bc41-37659808c655}</UniqueIdentifier>
    </Filter>
    <Filter Include="Header Files\jobs">
      <UniqueIdentifier>{b13cb674-795f-4ab6-af9a-8fe801dd6b59}</UniqueIdentifier>
    </Filter>
    <Filter Include="Header Files\util\libimage">
      <UniqueIdentifier>{aa5e390d-1fc9-49a1-899c-15dc1a7a9ea4}</UniqueIdentifier>
    </Filter>
    <Filter Include="Source Files\util\libimage\proc">
      <UniqueIdentifier>{f95fa195-9f86-46c8-bcc1-2eb2d6c1bfbc}</UniqueIdentifier>
    </Filter>
    <Filter Include="Header Files\util\libimage\proc">
      <UniqueIdentifier>{293cf03e-5071-4180-a923-c0cb52a0a958}</UniqueIdentifier>
    </Filter>
    <Filter Include="Header Files\util\libimage\stb_wrapper">
      <UniqueIdentifier>{a78018fb-cfb2-4889-9e75-1dde2d76d0cd}</UniqueIdentifier>
    </Filter>
    <Filter Include="Header Files\util\libimage\math">
      <UniqueIdentifier>{f0d3d5c0-70cd-494c-b1fa-ccd1e51700b5}</UniqueIdentifier>
    </Filter>
    <Filter Include="Source Files\util\libimage\math">
      <UniqueIdentifier>{707aca6a-9150-4a1f-8951-565706b6aa00}</UniqueIdentifier>
    </Filter>
    <Filter Include="Header Files\demos\post006">
      <UniqueIdentifier>{290120a3-4f67-4ea8-8b3b-eddfb48c2713}</UniqueIdentifier>
    </Filter>
    <Filter Include="Header Files\demos\post007simd">
      <UniqueIdentifier>{83b4ae21-4764-4665-910d-7f3edc6ef2b5}</UniqueIdentifier>
    </Filter>
    <Filter Include="Source Files\demos\post007simd">
      <UniqueIdentifier>{92d37ef9-0ea4-4b6b-a86f-8cde120498e0}</UniqueIdentifier>
    </Filter>
  </ItemGroup>
  <ItemGroup>
    <ClCompile Include="cpp\source_main.cpp">
      <Filter>Source Files</Filter>
    </ClCompile>
    <ClCompile Include="demos\post003\image.cpp">
      <Filter>Source Files\demos\post003</Filter>
    </ClCompile>
    <ClCompile Include="..\util\libimage\proc\alpha_blend.cpp">
      <Filter>Source Files\util\libimage\proc</Filter>
    </ClCompile>
    <ClCompile Include="..\util\libimage\proc\binarize.cpp">
      <Filter>Source Files\util\libimage\proc</Filter>
    </ClCompile>
    <ClCompile Include="..\util\libimage\proc\blur.cpp">
      <Filter>Source Files\util\libimage\proc</Filter>
    </ClCompile>
    <ClCompile Include="..\util\libimage\proc\convolve.cpp">
      <Filter>Source Files\util\libimage\proc</Filter>
    </ClCompile>
    <ClCompile Include="..\util\libimage\proc\copy.cpp">
      <Filter>Source Files\util\libimage\proc</Filter>
    </ClCompile>
    <ClCompile Include="..\util\libimage\proc\gradient.cpp">
      <Filter>Source Files\util\libimage\proc</Filter>
    </ClCompile>
    <ClCompile Include="..\util\libimage\proc\transform.cpp">
      <Filter>Source Files\util\libimage\proc</Filter>
    </ClCompile>
    <ClCompile Include="..\util\libimage\stb_wrapper\stb_libimage.cpp">
      <Filter>Source Files\util\libimage\stb_wrapper</Filter>
    </ClCompile>
    <ClCompile Include="..\util\libimage\libimage.cpp">
      <Filter>Source Files\util\libimage</Filter>
    </ClCompile>
    <ClCompile Include="..\util\libimage\math\charts.cpp">
      <Filter>Source Files\util\libimage\math</Filter>
    </ClCompile>
    <ClCompile Include="..\util\libimage\math\math.cpp">
      <Filter>Source Files\util\libimage\math</Filter>
    </ClCompile>
    <ClCompile Include="demos\post007simd\simd.cpp">
      <Filter>Source Files\demos\post007simd</Filter>
    </ClCompile>
  </ItemGroup>
  <ItemGroup>
    <ClInclude Include="..\util\win32_leak_check.h">
      <Filter>Header Files\util</Filter>
    </ClInclude>
    <ClInclude Include="demos\post001.hpp">
      <Filter>Header Files\demos</Filter>
    </ClInclude>
    <ClInclude Include="demos\transparent_background.hpp">
      <Filter>Header Files\demos</Filter>
    </ClInclude>
    <ClInclude Include="demos\planar.hpp">
      <Filter>Header Files\demos</Filter>
    </ClInclude>
    <ClInclude Include="demos\post002.hpp">
      <Filter>Header Files\demos</Filter>
    </ClInclude>
    <ClInclude Include="demos\post003\image.hpp">
      <Filter>Header Files\demos\post003</Filter>
    </ClInclude>
    <ClInclude Include="demos\post003\post003.hpp">
      <Filter>Header Files\demos\post003</Filter>
    </ClInclude>
    <ClInclude Include="..\util\stopwatch.hpp">
      <Filter>Header Files\util</Filter>
    </ClInclude>
    <ClInclude Include="demos\post004\algorithm_example.hpp">
      <Filter>Header Files\demos\post004</Filter>
    </ClInclude>
    <ClInclude Include="jobs\transform_logo.hpp">
      <Filter>Header Files\jobs</Filter>
    </ClInclude>
    <ClInclude Include="..\util\libimage\gray.hpp">
      <Filter>Header Files\util\libimage</Filter>
    </ClInclude>
    <ClInclude Include="..\util\libimage\libimage.hpp">
      <Filter>Header Files\util\libimage</Filter>
    </ClInclude>
    <ClInclude Include="..\util\libimage\rgba.hpp">
      <Filter>Header Files\util\libimage</Filter>
    </ClInclude>
    <ClInclude Include="..\util\libimage\types.hpp">
      <Filter>Header Files\util\libimage</Filter>
    </ClInclude>
    <ClInclude Include="..\util\libimage\proc\convolve.hpp">
      <Filter>Header Files\util\libimage\proc</Filter>
    </ClInclude>
    <ClInclude Include="..\util\libimage\proc\index_range.hpp">
      <Filter>Header Files\util\libimage\proc</Filter>
    </ClInclude>
    <ClInclude Include="..\util\libimage\proc\process.hpp">
      <Filter>Header Files\util\libimage\proc</Filter>
    </ClInclude>
    <ClInclude Include="..\util\libimage\proc\verify.hpp">
      <Filter>Header Files\util\libimage\proc</Filter>
    </ClInclude>
    <ClInclude Include="..\util\libimage\stb_wrapper\stb_image.h">
      <Filter>Header Files\util\libimage\stb_wrapper</Filter>
    </ClInclude>
    <ClInclude Include="..\util\libimage\stb_wrapper\stb_image_resize.h">
      <Filter>Header Files\util\libimage\stb_wrapper</Filter>
    </ClInclude>
    <ClInclude Include="..\util\libimage\stb_wrapper\stb_image_write.h">
      <Filter>Header Files\util\libimage\stb_wrapper</Filter>
    </ClInclude>
    <ClInclude Include="..\util\libimage\stb_wrapper\stb_include.hpp">
      <Filter>Header Files\util\libimage\stb_wrapper</Filter>
    </ClInclude>
    <ClInclude Include="..\util\libimage\math\charts.hpp">
      <Filter>Header Files\util\libimage\math</Filter>
    </ClInclude>
    <ClInclude Include="..\util\libimage\math\math.hpp">
      <Filter>Header Files\util\libimage\math</Filter>
    </ClInclude>
    <ClInclude Include="demos\post006\image_transforms.hpp">
      <Filter>Header Files\demos\post006</Filter>
    </ClInclude>
    <ClInclude Include="demos\post007simd\simd.hpp">
      <Filter>Header Files\demos\post007simd</Filter>
    </ClInclude>
  </ItemGroup>
</Project>